
Microsoft Visual Studio Solution File, Format Version 12.00
# Visual Studio Version 17
VisualStudioVersion = 17.6.33723.286
MinimumVisualStudioVersion = 10.0.40219.1
Project("{FAE04EC0-301F-11D3-BF4B-00C04F79EFBC}") = "PickTimeTogether", "PickTimeTogether.csproj", "{9B500D32-00EC-4989-B6CF-4B9FFE9E09C2}"
EndProject
Global
	GlobalSection(SolutionConfigurationPlatforms) = preSolution
		Debug|Any CPU = Debug|Any CPU
		Release|Any CPU = Release|Any CPU
	EndGlobalSection
	GlobalSection(ProjectConfigurationPlatforms) = postSolution
		{9B500D32-00EC-4989-B6CF-4B9FFE9E09C2}.Debug|Any CPU.ActiveCfg = Debug|Any CPU
		{9B500D32-00EC-4989-B6CF-4B9FFE9E09C2}.Debug|Any CPU.Build.0 = Debug|Any CPU
		{9B500D32-00EC-4989-B6CF-4B9FFE9E09C2}.Release|Any CPU.ActiveCfg = Release|Any CPU
		{9B500D32-00EC-4989-B6CF-4B9FFE9E09C2}.Release|Any CPU.Build.0 = Release|Any CPU
	EndGlobalSection
	GlobalSection(SolutionProperties) = preSolution
		HideSolutionNode = FALSE
	EndGlobalSection
	GlobalSection(ExtensibilityGlobals) = postSolution
		SolutionGuid = {4556B83B-433D-4CE9-9C49-A1FCAF7DB825}
	EndGlobalSection
EndGlobal
